
Microsoft Visual Studio Solution File, Format Version 12.00
# Visual Studio 15
VisualStudioVersion = 15.0.26124.0
MinimumVisualStudioVersion = 15.0.26124.0
Project("{2150E333-8FDC-42A3-9474-1A3956D46DE8}") = "src", "src", "{82C308FC-A2B8-4ABB-A8B2-B2924DC591CC}"
EndProject
Project("{FAE04EC0-301F-11D3-BF4B-00C04F79EFBC}") = "GCloudSdkAuthTest", "src\GCloudSdkAuthTest\GCloudSdkAuthTest.csproj", "{F8D17535-7E5C-41AF-B275-6355CED6C91D}"
EndProject
Global
	GlobalSection(SolutionConfigurationPlatforms) = preSolution
		Debug|Any CPU = Debug|Any CPU
		Debug|x64 = Debug|x64
		Debug|x86 = Debug|x86
		Release|Any CPU = Release|Any CPU
		Release|x64 = Release|x64
		Release|x86 = Release|x86
	EndGlobalSection
	GlobalSection(SolutionProperties) = preSolution
		HideSolutionNode = FALSE
	EndGlobalSection
	GlobalSection(ProjectConfigurationPlatforms) = postSolution
		{F8D17535-7E5C-41AF-B275-6355CED6C91D}.Debug|Any CPU.ActiveCfg = Debug|Any CPU
		{F8D17535-7E5C-41AF-B275-6355CED6C91D}.Debug|Any CPU.Build.0 = Debug|Any CPU
		{F8D17535-7E5C-41AF-B275-6355CED6C91D}.Debug|x64.ActiveCfg = Debug|Any CPU
		{F8D17535-7E5C-41AF-B275-6355CED6C91D}.Debug|x64.Build.0 = Debug|Any CPU
		{F8D17535-7E5C-41AF-B275-6355CED6C91D}.Debug|x86.ActiveCfg = Debug|Any CPU
		{F8D17535-7E5C-41AF-B275-6355CED6C91D}.Debug|x86.Build.0 = Debug|Any CPU
		{F8D17535-7E5C-41AF-B275-6355CED6C91D}.Release|Any CPU.ActiveCfg = Release|Any CPU
		{F8D17535-7E5C-41AF-B275-6355CED6C91D}.Release|Any CPU.Build.0 = Release|Any CPU
		{F8D17535-7E5C-41AF-B275-6355CED6C91D}.Release|x64.ActiveCfg = Release|Any CPU
		{F8D17535-7E5C-41AF-B275-6355CED6C91D}.Release|x64.Build.0 = Release|Any CPU
		{F8D17535-7E5C-41AF-B275-6355CED6C91D}.Release|x86.ActiveCfg = Release|Any CPU
		{F8D17535-7E5C-41AF-B275-6355CED6C91D}.Release|x86.Build.0 = Release|Any CPU
	EndGlobalSection
	GlobalSection(NestedProjects) = preSolution
		{F8D17535-7E5C-41AF-B275-6355CED6C91D} = {82C308FC-A2B8-4ABB-A8B2-B2924DC591CC}
	EndGlobalSection
EndGlobal
